
Microsoft Visual Studio Solution File, Format Version 12.00
# Visual Studio Version 17
VisualStudioVersion = 17.7.34018.315
MinimumVisualStudioVersion = 10.0.40219.1
Project("{2150E333-8FDC-42A3-9474-1A3956D46DE8}") = "Source", "Source", "{403ABEBF-E500-46B5-AF0A-6AAA5E59A342}"
EndProject
Project("{E53339B2-1760-4266-BCC7-CA923CBCF16C}") = "docker-compose", "docker-compose.dcproj", "{82C738EC-470E-419B-9A34-30C2B6B08D8C}"
EndProject
Project("{2150E333-8FDC-42A3-9474-1A3956D46DE8}") = "Solution Items", "Solution Items", "{8786B2AF-8E7A-43E6-B764-843A1E712B4C}"
	ProjectSection(SolutionItems) = preProject
		.editorconfig = .editorconfig
		.gitattributes = .gitattributes
		.gitignore = .gitignore
		nuget.config = nuget.config
		README.md = README.md
	EndProjectSection
EndProject
Project("{2150E333-8FDC-42A3-9474-1A3956D46DE8}") = "ProducerService", "ProducerService", "{78F8C506-38AE-460C-B362-174ABE6947E6}"
EndProject
Project("{2150E333-8FDC-42A3-9474-1A3956D46DE8}") = "Source", "Source", "{3D7613A9-0EBE-4FF9-9AE7-0209C3917376}"
EndProject
Project("{2150E333-8FDC-42A3-9474-1A3956D46DE8}") = "3 - Domain", "3 - Domain", "{B53651EF-2CD4-482F-AA96-592EB720B488}"
EndProject
Project("{9A19103F-16F7-4668-BE54-9A1E7A4F7556}") = "HelpDesk.ProducerService.Domain", "src\HelpDesk.ProducerService.Domain\HelpDesk.ProducerService.Domain.csproj", "{471573B6-4150-4162-8E7C-EBE4CB21993C}"
EndProject
Project("{2150E333-8FDC-42A3-9474-1A3956D46DE8}") = "2 - Application", "2 - Application", "{23348769-8B8B-49DB-88CE-EC96B8F121E1}"
EndProject
Project("{9A19103F-16F7-4668-BE54-9A1E7A4F7556}") = "HelpDesk.ProducerService.Application", "src\HelpDesk.ProducerService.Application\HelpDesk.ProducerService.Application.csproj", "{52C7E346-03FD-4797-8E47-F537532B7DFC}"
EndProject
Project("{2150E333-8FDC-42A3-9474-1A3956D46DE8}") = "4 - Infrastructure", "4 - Infrastructure", "{BD4871AB-AD4D-489A-BE86-E5DCE548F280}"
EndProject
Project("{9A19103F-16F7-4668-BE54-9A1E7A4F7556}") = "HelpDesk.ProducerService.Infrastructure", "src\HelpDesk.ProducerService.Infrastructure\HelpDesk.ProducerService.Infrastructure.csproj", "{8E308305-1066-4794-8D5D-EBEC1A3D9045}"
EndProject
Project("{2150E333-8FDC-42A3-9474-1A3956D46DE8}") = "1 - Presentation", "1 - Presentation", "{63596637-28F8-4A63-AAEA-C7AB2CEED77E}"
EndProject
Project("{9A19103F-16F7-4668-BE54-9A1E7A4F7556}") = "HelpDesk.ProducerService.Api", "src\HelpDesk.ProducerService.Api\HelpDesk.ProducerService.Api.csproj", "{98635F29-194C-48C5-B878-5CA8C89D18EC}"
EndProject
Project("{2150E333-8FDC-42A3-9474-1A3956D46DE8}") = "ConsumerService", "ConsumerService", "{7E5D03A8-C40A-4F3F-B250-5FCFFE01DF95}"
EndProject
Project("{2150E333-8FDC-42A3-9474-1A3956D46DE8}") = "Source", "Source", "{6F6C29FC-7BE3-4E1B-8539-774026B8BD22}"
EndProject
Project("{2150E333-8FDC-42A3-9474-1A3956D46DE8}") = "3 - Domain", "3 - Domain", "{FC590F57-0D51-423B-A017-9C4511113D1B}"
EndProject
Project("{9A19103F-16F7-4668-BE54-9A1E7A4F7556}") = "HelpDesk.ConsumerService.Domain", "src\HelpDesk.ConsumerService.Domain\HelpDesk.ConsumerService.Domain.csproj", "{71B29946-CAE8-41F8-BEE6-A2A1B0C7ACF6}"
EndProject
Project("{2150E333-8FDC-42A3-9474-1A3956D46DE8}") = "2 - Application", "2 - Application", "{3009F20A-D7DC-4088-986E-A8F48CC424FC}"
EndProject
Project("{9A19103F-16F7-4668-BE54-9A1E7A4F7556}") = "HelpDesk.ConsumerService.Application", "src\HelpDesk.ConsumerService.Application\HelpDesk.ConsumerService.Application.csproj", "{57EE798C-52ED-4542-B704-DF684A99A9E9}"
EndProject
Project("{2150E333-8FDC-42A3-9474-1A3956D46DE8}") = "4 - Infrastructure", "4 - Infrastructure", "{920E6551-E637-4D20-8C2E-0C0400652516}"
EndProject
Project("{9A19103F-16F7-4668-BE54-9A1E7A4F7556}") = "HelpDesk.ConsumerService.Infrastructure", "src\HelpDesk.ConsumerService.Infrastructure\HelpDesk.ConsumerService.Infrastructure.csproj", "{B70486D4-5426-4B0A-B28A-D4DF4B9D990D}"
EndProject
Project("{9A19103F-16F7-4668-BE54-9A1E7A4F7556}") = "HelpDesk.ConsumerService.Persistence", "src\HelpDesk.ConsumerService.Persistence\HelpDesk.ConsumerService.Persistence.csproj", "{68A55054-927D-42D4-87F2-1631A94B3D79}"
EndProject
Project("{2150E333-8FDC-42A3-9474-1A3956D46DE8}") = "1 - Presentation", "1 - Presentation", "{49283E22-446B-47CC-836E-38FCEC574592}"
EndProject
Project("{9A19103F-16F7-4668-BE54-9A1E7A4F7556}") = "HelpDesk.ConsumerService.Api", "src\HelpDesk.ConsumerService.Api\HelpDesk.ConsumerService.Api.csproj", "{AFC857FE-AE95-4DE4-A47B-6B32E78BE407}"
EndProject
Project("{2150E333-8FDC-42A3-9474-1A3956D46DE8}") = "Tests", "Tests", "{4577833B-98FB-45F5-BF7B-0E69A6D8E3DA}"
EndProject
Project("{9A19103F-16F7-4668-BE54-9A1E7A4F7556}") = "HelpDesk.ConsumerService.ArchitectureTests", "tests\HelpDesk.ConsumerService.ArchitectureTests\HelpDesk.ConsumerService.ArchitectureTests.csproj", "{C5AFED9F-37C4-4EAC-B023-D2606F7FA439}"
EndProject
Project("{9A19103F-16F7-4668-BE54-9A1E7A4F7556}") = "HelpDesk.ConsumerService.Application.UnitTests", "tests\HelpDesk.ConsumerService.Application.UnitTests\HelpDesk.ConsumerService.Application.UnitTests.csproj", "{E2AAC5C1-AED6-4C5F-9A39-4E49F7F581B6}"
EndProject
Project("{9A19103F-16F7-4668-BE54-9A1E7A4F7556}") = "HelpDesk.ConsumerService.Api.IntegrationTests", "tests\HelpDesk.ConsumerService.Api.IntegrationTests\HelpDesk.ConsumerService.Api.IntegrationTests.csproj", "{D46A1833-0222-497E-A94E-36561B66991D}"
EndProject
Project("{2150E333-8FDC-42A3-9474-1A3956D46DE8}") = "ApiGatewayService", "ApiGatewayService", "{BCBD6297-1D87-495F-8C49-36F4CC4C6934}"
EndProject
Project("{2150E333-8FDC-42A3-9474-1A3956D46DE8}") = "Source", "Source", "{11CF9CE6-A45A-4FBD-89C4-6E9CC51ED801}"
EndProject
Project("{9A19103F-16F7-4668-BE54-9A1E7A4F7556}") = "HelpDesk.ApiGateway", "src\HelpDesk.ApiGateway\HelpDesk.ApiGateway.csproj", "{51C37F32-C7BF-48FE-9E5A-CCD1A1A4A9B2}"
EndProject
Project("{2150E333-8FDC-42A3-9474-1A3956D46DE8}") = "SharedKernel", "SharedKernel", "{6DF473DD-861F-459D-9718-4B11766760D0}"
EndProject
Project("{9A19103F-16F7-4668-BE54-9A1E7A4F7556}") = "HelpDesk.Core.Domain", "src\HelpDesk.Core.Domain\HelpDesk.Core.Domain.csproj", "{138B9B29-5AE0-4AFD-993E-D68F404E3825}"
EndProject
Project("{2150E333-8FDC-42A3-9474-1A3956D46DE8}") = "3 - Domain", "3 - Domain", "{80A872F0-D829-42FD-BCBE-EE6F3AA0A828}"
EndProject
Project("{9A19103F-16F7-4668-BE54-9A1E7A4F7556}") = "HelpDesk.ApiGateway.Domain", "src\HelpDesk.ApiGateway.Domain\HelpDesk.ApiGateway.Domain.csproj", "{28E2868B-0412-4058-9108-2B2310FC2890}"
EndProject
Project("{2150E333-8FDC-42A3-9474-1A3956D46DE8}") = "1 - Presentation", "1 - Presentation", "{9EDFDA64-EA12-4F16-984A-547283A07F0E}"
EndProject
Project("{2150E333-8FDC-42A3-9474-1A3956D46DE8}") = "4 - Infrastructure", "4 - Infrastructure", "{C94A2B39-E079-4FA2-B92C-5D75E0E0B285}"
EndProject
Project("{2150E333-8FDC-42A3-9474-1A3956D46DE8}") = "2 - Application", "2 - Application", "{631EAC36-149C-4A6E-8D2E-07BBE87BF8BD}"
EndProject
Project("{9A19103F-16F7-4668-BE54-9A1E7A4F7556}") = "HelpDesk.ApiGateway.Application", "src\HelpDesk.ApiGateway.Application\HelpDesk.ApiGateway.Application.csproj", "{F296EB54-0E93-41B7-9974-8CD9917A2CE3}"
EndProject
Project("{9A19103F-16F7-4668-BE54-9A1E7A4F7556}") = "HelpDesk.ApiGateway.Infrastructure", "src\HelpDesk.ApiGateway.Infrastructure\HelpDesk.ApiGateway.Infrastructure.csproj", "{29278B1D-B167-4A19-B319-C3894745040C}"
EndProject
Project("{9A19103F-16F7-4668-BE54-9A1E7A4F7556}") = "HelpDesk.ApiGateway.Persistence", "src\HelpDesk.ApiGateway.Persistence\HelpDesk.ApiGateway.Persistence.csproj", "{85C86E51-3FD8-4243-B354-CB42619EA117}"
EndProject
Project("{2150E333-8FDC-42A3-9474-1A3956D46DE8}") = "Tests", "Tests", "{F870C9AB-D710-4074-A984-C69A738A725E}"
EndProject
Project("{9A19103F-16F7-4668-BE54-9A1E7A4F7556}") = "HelpDesk.ApiGateway.Application.UnitTests", "tests\HelpDesk.ApiGateway.Application.UnitTests\HelpDesk.ApiGateway.Application.UnitTests.csproj", "{CF5D254F-9C2B-4414-8956-19CCFED5C3C8}"
EndProject
Project("{9A19103F-16F7-4668-BE54-9A1E7A4F7556}") = "HelpDesk.ApiGateway.ArchitectureTests", "tests\HelpDesk.ApiGatewayService.ArchitectureTests\HelpDesk.ApiGateway.ArchitectureTests.csproj", "{9DC6F7C4-6D5A-4CFA-B932-D109D92ED4BB}"
EndProject
Project("{9A19103F-16F7-4668-BE54-9A1E7A4F7556}") = "HelpDesk.ApiGateway.IntegrationTests", "tests\HelpDesk.ApiGateway.IntegrationTests\HelpDesk.ApiGateway.IntegrationTests.csproj", "{EF49F754-E441-436D-929C-50A238E6A4E8}"
EndProject
Project("{2150E333-8FDC-42A3-9474-1A3956D46DE8}") = "Tests", "Tests", "{D4314E6A-33F6-4239-8509-0FCB2A2CD022}"
EndProject
Project("{FAE04EC0-301F-11D3-BF4B-00C04F79EFBC}") = "HelpDesk.ProducerService.ArchitectureTests", "tests\HelpDesk.ProducerService.ArchitectureTests\HelpDesk.ProducerService.ArchitectureTests.csproj", "{41D7D470-632F-4128-B7A2-3D8D2A03C35A}"
EndProject
Project("{9A19103F-16F7-4668-BE54-9A1E7A4F7556}") = "HelpDesk.ProducerService.Persistence", "src\HelpDesk.ProducerService.Persistence\HelpDesk.ProducerService.Persistence.csproj", "{29CC59E4-DFEB-4E8D-A419-CF2BAB836AD0}"
EndProject
Project("{FAE04EC0-301F-11D3-BF4B-00C04F79EFBC}") = "HelpDesk.ProducerService.Application.UnitTests", "tests\HelpDesk.ProducerService.Application.UnitTests\HelpDesk.ProducerService.Application.UnitTests.csproj", "{99991096-790F-4234-81C9-C50F40338004}"
EndProject
Global
	GlobalSection(SolutionConfigurationPlatforms) = preSolution
		Debug|Any CPU = Debug|Any CPU
		Release|Any CPU = Release|Any CPU
	EndGlobalSection
	GlobalSection(ProjectConfigurationPlatforms) = postSolution
		{82C738EC-470E-419B-9A34-30C2B6B08D8C}.Debug|Any CPU.ActiveCfg = Debug|Any CPU
		{82C738EC-470E-419B-9A34-30C2B6B08D8C}.Debug|Any CPU.Build.0 = Debug|Any CPU
		{82C738EC-470E-419B-9A34-30C2B6B08D8C}.Release|Any CPU.ActiveCfg = Release|Any CPU
		{82C738EC-470E-419B-9A34-30C2B6B08D8C}.Release|Any CPU.Build.0 = Release|Any CPU
		{471573B6-4150-4162-8E7C-EBE4CB21993C}.Debug|Any CPU.ActiveCfg = Debug|Any CPU
		{471573B6-4150-4162-8E7C-EBE4CB21993C}.Debug|Any CPU.Build.0 = Debug|Any CPU
		{471573B6-4150-4162-8E7C-EBE4CB21993C}.Release|Any CPU.ActiveCfg = Release|Any CPU
		{471573B6-4150-4162-8E7C-EBE4CB21993C}.Release|Any CPU.Build.0 = Release|Any CPU
		{52C7E346-03FD-4797-8E47-F537532B7DFC}.Debug|Any CPU.ActiveCfg = Debug|Any CPU
		{52C7E346-03FD-4797-8E47-F537532B7DFC}.Debug|Any CPU.Build.0 = Debug|Any CPU
		{52C7E346-03FD-4797-8E47-F537532B7DFC}.Release|Any CPU.ActiveCfg = Release|Any CPU
		{52C7E346-03FD-4797-8E47-F537532B7DFC}.Release|Any CPU.Build.0 = Release|Any CPU
		{8E308305-1066-4794-8D5D-EBEC1A3D9045}.Debug|Any CPU.ActiveCfg = Debug|Any CPU
		{8E308305-1066-4794-8D5D-EBEC1A3D9045}.Debug|Any CPU.Build.0 = Debug|Any CPU
		{8E308305-1066-4794-8D5D-EBEC1A3D9045}.Release|Any CPU.ActiveCfg = Release|Any CPU
		{8E308305-1066-4794-8D5D-EBEC1A3D9045}.Release|Any CPU.Build.0 = Release|Any CPU
		{98635F29-194C-48C5-B878-5CA8C89D18EC}.Debug|Any CPU.ActiveCfg = Debug|Any CPU
		{98635F29-194C-48C5-B878-5CA8C89D18EC}.Debug|Any CPU.Build.0 = Debug|Any CPU
		{98635F29-194C-48C5-B878-5CA8C89D18EC}.Release|Any CPU.ActiveCfg = Release|Any CPU
		{98635F29-194C-48C5-B878-5CA8C89D18EC}.Release|Any CPU.Build.0 = Release|Any CPU
		{71B29946-CAE8-41F8-BEE6-A2A1B0C7ACF6}.Debug|Any CPU.ActiveCfg = Debug|Any CPU
		{71B29946-CAE8-41F8-BEE6-A2A1B0C7ACF6}.Debug|Any CPU.Build.0 = Debug|Any CPU
		{71B29946-CAE8-41F8-BEE6-A2A1B0C7ACF6}.Release|Any CPU.ActiveCfg = Release|Any CPU
		{71B29946-CAE8-41F8-BEE6-A2A1B0C7ACF6}.Release|Any CPU.Build.0 = Release|Any CPU
		{57EE798C-52ED-4542-B704-DF684A99A9E9}.Debug|Any CPU.ActiveCfg = Debug|Any CPU
		{57EE798C-52ED-4542-B704-DF684A99A9E9}.Debug|Any CPU.Build.0 = Debug|Any CPU
		{57EE798C-52ED-4542-B704-DF684A99A9E9}.Release|Any CPU.ActiveCfg = Release|Any CPU
		{57EE798C-52ED-4542-B704-DF684A99A9E9}.Release|Any CPU.Build.0 = Release|Any CPU
		{B70486D4-5426-4B0A-B28A-D4DF4B9D990D}.Debug|Any CPU.ActiveCfg = Debug|Any CPU
		{B70486D4-5426-4B0A-B28A-D4DF4B9D990D}.Debug|Any CPU.Build.0 = Debug|Any CPU
		{B70486D4-5426-4B0A-B28A-D4DF4B9D990D}.Release|Any CPU.ActiveCfg = Release|Any CPU
		{B70486D4-5426-4B0A-B28A-D4DF4B9D990D}.Release|Any CPU.Build.0 = Release|Any CPU
		{68A55054-927D-42D4-87F2-1631A94B3D79}.Debug|Any CPU.ActiveCfg = Debug|Any CPU
		{68A55054-927D-42D4-87F2-1631A94B3D79}.Debug|Any CPU.Build.0 = Debug|Any CPU
		{68A55054-927D-42D4-87F2-1631A94B3D79}.Release|Any CPU.ActiveCfg = Release|Any CPU
		{68A55054-927D-42D4-87F2-1631A94B3D79}.Release|Any CPU.Build.0 = Release|Any CPU
		{AFC857FE-AE95-4DE4-A47B-6B32E78BE407}.Debug|Any CPU.ActiveCfg = Debug|Any CPU
		{AFC857FE-AE95-4DE4-A47B-6B32E78BE407}.Debug|Any CPU.Build.0 = Debug|Any CPU
		{AFC857FE-AE95-4DE4-A47B-6B32E78BE407}.Release|Any CPU.ActiveCfg = Release|Any CPU
		{AFC857FE-AE95-4DE4-A47B-6B32E78BE407}.Release|Any CPU.Build.0 = Release|Any CPU
		{C5AFED9F-37C4-4EAC-B023-D2606F7FA439}.Debug|Any CPU.ActiveCfg = Debug|Any CPU
		{C5AFED9F-37C4-4EAC-B023-D2606F7FA439}.Debug|Any CPU.Build.0 = Debug|Any CPU
		{C5AFED9F-37C4-4EAC-B023-D2606F7FA439}.Release|Any CPU.ActiveCfg = Release|Any CPU
		{C5AFED9F-37C4-4EAC-B023-D2606F7FA439}.Release|Any CPU.Build.0 = Release|Any CPU
		{E2AAC5C1-AED6-4C5F-9A39-4E49F7F581B6}.Debug|Any CPU.ActiveCfg = Debug|Any CPU
		{E2AAC5C1-AED6-4C5F-9A39-4E49F7F581B6}.Debug|Any CPU.Build.0 = Debug|Any CPU
		{E2AAC5C1-AED6-4C5F-9A39-4E49F7F581B6}.Release|Any CPU.ActiveCfg = Release|Any CPU
		{E2AAC5C1-AED6-4C5F-9A39-4E49F7F581B6}.Release|Any CPU.Build.0 = Release|Any CPU
		{D46A1833-0222-497E-A94E-36561B66991D}.Debug|Any CPU.ActiveCfg = Debug|Any CPU
		{D46A1833-0222-497E-A94E-36561B66991D}.Debug|Any CPU.Build.0 = Debug|Any CPU
		{D46A1833-0222-497E-A94E-36561B66991D}.Release|Any CPU.ActiveCfg = Release|Any CPU
		{D46A1833-0222-497E-A94E-36561B66991D}.Release|Any CPU.Build.0 = Release|Any CPU
		{51C37F32-C7BF-48FE-9E5A-CCD1A1A4A9B2}.Debug|Any CPU.ActiveCfg = Debug|Any CPU
		{51C37F32-C7BF-48FE-9E5A-CCD1A1A4A9B2}.Debug|Any CPU.Build.0 = Debug|Any CPU
		{51C37F32-C7BF-48FE-9E5A-CCD1A1A4A9B2}.Release|Any CPU.ActiveCfg = Release|Any CPU
		{51C37F32-C7BF-48FE-9E5A-CCD1A1A4A9B2}.Release|Any CPU.Build.0 = Release|Any CPU
		{138B9B29-5AE0-4AFD-993E-D68F404E3825}.Debug|Any CPU.ActiveCfg = Debug|Any CPU
		{138B9B29-5AE0-4AFD-993E-D68F404E3825}.Debug|Any CPU.Build.0 = Debug|Any CPU
		{138B9B29-5AE0-4AFD-993E-D68F404E3825}.Release|Any CPU.ActiveCfg = Release|Any CPU
		{138B9B29-5AE0-4AFD-993E-D68F404E3825}.Release|Any CPU.Build.0 = Release|Any CPU
		{28E2868B-0412-4058-9108-2B2310FC2890}.Debug|Any CPU.ActiveCfg = Debug|Any CPU
		{28E2868B-0412-4058-9108-2B2310FC2890}.Debug|Any CPU.Build.0 = Debug|Any CPU
		{28E2868B-0412-4058-9108-2B2310FC2890}.Release|Any CPU.ActiveCfg = Release|Any CPU
		{28E2868B-0412-4058-9108-2B2310FC2890}.Release|Any CPU.Build.0 = Release|Any CPU
		{F296EB54-0E93-41B7-9974-8CD9917A2CE3}.Debug|Any CPU.ActiveCfg = Debug|Any CPU
		{F296EB54-0E93-41B7-9974-8CD9917A2CE3}.Debug|Any CPU.Build.0 = Debug|Any CPU
		{F296EB54-0E93-41B7-9974-8CD9917A2CE3}.Release|Any CPU.ActiveCfg = Release|Any CPU
		{F296EB54-0E93-41B7-9974-8CD9917A2CE3}.Release|Any CPU.Build.0 = Release|Any CPU
		{29278B1D-B167-4A19-B319-C3894745040C}.Debug|Any CPU.ActiveCfg = Debug|Any CPU
		{29278B1D-B167-4A19-B319-C3894745040C}.Debug|Any CPU.Build.0 = Debug|Any CPU
		{29278B1D-B167-4A19-B319-C3894745040C}.Release|Any CPU.ActiveCfg = Release|Any CPU
		{29278B1D-B167-4A19-B319-C3894745040C}.Release|Any CPU.Build.0 = Release|Any CPU
		{85C86E51-3FD8-4243-B354-CB42619EA117}.Debug|Any CPU.ActiveCfg = Debug|Any CPU
		{85C86E51-3FD8-4243-B354-CB42619EA117}.Debug|Any CPU.Build.0 = Debug|Any CPU
		{85C86E51-3FD8-4243-B354-CB42619EA117}.Release|Any CPU.ActiveCfg = Release|Any CPU
		{85C86E51-3FD8-4243-B354-CB42619EA117}.Release|Any CPU.Build.0 = Release|Any CPU
		{CF5D254F-9C2B-4414-8956-19CCFED5C3C8}.Debug|Any CPU.ActiveCfg = Debug|Any CPU
		{CF5D254F-9C2B-4414-8956-19CCFED5C3C8}.Debug|Any CPU.Build.0 = Debug|Any CPU
		{CF5D254F-9C2B-4414-8956-19CCFED5C3C8}.Release|Any CPU.ActiveCfg = Release|Any CPU
		{CF5D254F-9C2B-4414-8956-19CCFED5C3C8}.Release|Any CPU.Build.0 = Release|Any CPU
		{9DC6F7C4-6D5A-4CFA-B932-D109D92ED4BB}.Debug|Any CPU.ActiveCfg = Debug|Any CPU
		{9DC6F7C4-6D5A-4CFA-B932-D109D92ED4BB}.Debug|Any CPU.Build.0 = Debug|Any CPU
		{9DC6F7C4-6D5A-4CFA-B932-D109D92ED4BB}.Release|Any CPU.ActiveCfg = Release|Any CPU
		{9DC6F7C4-6D5A-4CFA-B932-D109D92ED4BB}.Release|Any CPU.Build.0 = Release|Any CPU
		{EF49F754-E441-436D-929C-50A238E6A4E8}.Debug|Any CPU.ActiveCfg = Debug|Any CPU
		{EF49F754-E441-436D-929C-50A238E6A4E8}.Debug|Any CPU.Build.0 = Debug|Any CPU
		{EF49F754-E441-436D-929C-50A238E6A4E8}.Release|Any CPU.ActiveCfg = Release|Any CPU
		{EF49F754-E441-436D-929C-50A238E6A4E8}.Release|Any CPU.Build.0 = Release|Any CPU
		{41D7D470-632F-4128-B7A2-3D8D2A03C35A}.Debug|Any CPU.ActiveCfg = Debug|Any CPU
		{41D7D470-632F-4128-B7A2-3D8D2A03C35A}.Debug|Any CPU.Build.0 = Debug|Any CPU
		{41D7D470-632F-4128-B7A2-3D8D2A03C35A}.Release|Any CPU.ActiveCfg = Release|Any CPU
		{41D7D470-632F-4128-B7A2-3D8D2A03C35A}.Release|Any CPU.Build.0 = Release|Any CPU
		{29CC59E4-DFEB-4E8D-A419-CF2BAB836AD0}.Debug|Any CPU.ActiveCfg = Debug|Any CPU
		{29CC59E4-DFEB-4E8D-A419-CF2BAB836AD0}.Debug|Any CPU.Build.0 = Debug|Any CPU
		{29CC59E4-DFEB-4E8D-A419-CF2BAB836AD0}.Release|Any CPU.ActiveCfg = Release|Any CPU
		{29CC59E4-DFEB-4E8D-A419-CF2BAB836AD0}.Release|Any CPU.Build.0 = Release|Any CPU
		{99991096-790F-4234-81C9-C50F40338004}.Debug|Any CPU.ActiveCfg = Debug|Any CPU
		{99991096-790F-4234-81C9-C50F40338004}.Debug|Any CPU.Build.0 = Debug|Any CPU
		{99991096-790F-4234-81C9-C50F40338004}.Release|Any CPU.ActiveCfg = Release|Any CPU
		{99991096-790F-4234-81C9-C50F40338004}.Release|Any CPU.Build.0 = Release|Any CPU
	EndGlobalSection
	GlobalSection(SolutionProperties) = preSolution
		HideSolutionNode = FALSE
	EndGlobalSection
	GlobalSection(NestedProjects) = preSolution
		{78F8C506-38AE-460C-B362-174ABE6947E6} = {403ABEBF-E500-46B5-AF0A-6AAA5E59A342}
		{3D7613A9-0EBE-4FF9-9AE7-0209C3917376} = {78F8C506-38AE-460C-B362-174ABE6947E6}
		{B53651EF-2CD4-482F-AA96-592EB720B488} = {3D7613A9-0EBE-4FF9-9AE7-0209C3917376}
		{471573B6-4150-4162-8E7C-EBE4CB21993C} = {B53651EF-2CD4-482F-AA96-592EB720B488}
		{23348769-8B8B-49DB-88CE-EC96B8F121E1} = {3D7613A9-0EBE-4FF9-9AE7-0209C3917376}
		{52C7E346-03FD-4797-8E47-F537532B7DFC} = {23348769-8B8B-49DB-88CE-EC96B8F121E1}
		{BD4871AB-AD4D-489A-BE86-E5DCE548F280} = {3D7613A9-0EBE-4FF9-9AE7-0209C3917376}
		{8E308305-1066-4794-8D5D-EBEC1A3D9045} = {BD4871AB-AD4D-489A-BE86-E5DCE548F280}
		{63596637-28F8-4A63-AAEA-C7AB2CEED77E} = {3D7613A9-0EBE-4FF9-9AE7-0209C3917376}
		{98635F29-194C-48C5-B878-5CA8C89D18EC} = {63596637-28F8-4A63-AAEA-C7AB2CEED77E}
		{7E5D03A8-C40A-4F3F-B250-5FCFFE01DF95} = {403ABEBF-E500-46B5-AF0A-6AAA5E59A342}
		{6F6C29FC-7BE3-4E1B-8539-774026B8BD22} = {7E5D03A8-C40A-4F3F-B250-5FCFFE01DF95}
		{FC590F57-0D51-423B-A017-9C4511113D1B} = {6F6C29FC-7BE3-4E1B-8539-774026B8BD22}
		{71B29946-CAE8-41F8-BEE6-A2A1B0C7ACF6} = {FC590F57-0D51-423B-A017-9C4511113D1B}
		{3009F20A-D7DC-4088-986E-A8F48CC424FC} = {6F6C29FC-7BE3-4E1B-8539-774026B8BD22}
		{57EE798C-52ED-4542-B704-DF684A99A9E9} = {3009F20A-D7DC-4088-986E-A8F48CC424FC}
		{920E6551-E637-4D20-8C2E-0C0400652516} = {6F6C29FC-7BE3-4E1B-8539-774026B8BD22}
		{B70486D4-5426-4B0A-B28A-D4DF4B9D990D} = {920E6551-E637-4D20-8C2E-0C0400652516}
		{68A55054-927D-42D4-87F2-1631A94B3D79} = {920E6551-E637-4D20-8C2E-0C0400652516}
		{49283E22-446B-47CC-836E-38FCEC574592} = {6F6C29FC-7BE3-4E1B-8539-774026B8BD22}
		{AFC857FE-AE95-4DE4-A47B-6B32E78BE407} = {49283E22-446B-47CC-836E-38FCEC574592}
		{4577833B-98FB-45F5-BF7B-0E69A6D8E3DA} = {7E5D03A8-C40A-4F3F-B250-5FCFFE01DF95}
		{C5AFED9F-37C4-4EAC-B023-D2606F7FA439} = {4577833B-98FB-45F5-BF7B-0E69A6D8E3DA}
		{E2AAC5C1-AED6-4C5F-9A39-4E49F7F581B6} = {4577833B-98FB-45F5-BF7B-0E69A6D8E3DA}
		{D46A1833-0222-497E-A94E-36561B66991D} = {4577833B-98FB-45F5-BF7B-0E69A6D8E3DA}
		{BCBD6297-1D87-495F-8C49-36F4CC4C6934} = {403ABEBF-E500-46B5-AF0A-6AAA5E59A342}
		{11CF9CE6-A45A-4FBD-89C4-6E9CC51ED801} = {BCBD6297-1D87-495F-8C49-36F4CC4C6934}
		{51C37F32-C7BF-48FE-9E5A-CCD1A1A4A9B2} = {9EDFDA64-EA12-4F16-984A-547283A07F0E}
		{6DF473DD-861F-459D-9718-4B11766760D0} = {403ABEBF-E500-46B5-AF0A-6AAA5E59A342}
		{138B9B29-5AE0-4AFD-993E-D68F404E3825} = {6DF473DD-861F-459D-9718-4B11766760D0}
		{80A872F0-D829-42FD-BCBE-EE6F3AA0A828} = {11CF9CE6-A45A-4FBD-89C4-6E9CC51ED801}
		{28E2868B-0412-4058-9108-2B2310FC2890} = {80A872F0-D829-42FD-BCBE-EE6F3AA0A828}
		{9EDFDA64-EA12-4F16-984A-547283A07F0E} = {11CF9CE6-A45A-4FBD-89C4-6E9CC51ED801}
		{C94A2B39-E079-4FA2-B92C-5D75E0E0B285} = {11CF9CE6-A45A-4FBD-89C4-6E9CC51ED801}
		{631EAC36-149C-4A6E-8D2E-07BBE87BF8BD} = {11CF9CE6-A45A-4FBD-89C4-6E9CC51ED801}
		{F296EB54-0E93-41B7-9974-8CD9917A2CE3} = {631EAC36-149C-4A6E-8D2E-07BBE87BF8BD}
		{29278B1D-B167-4A19-B319-C3894745040C} = {C94A2B39-E079-4FA2-B92C-5D75E0E0B285}
		{85C86E51-3FD8-4243-B354-CB42619EA117} = {C94A2B39-E079-4FA2-B92C-5D75E0E0B285}
		{F870C9AB-D710-4074-A984-C69A738A725E} = {BCBD6297-1D87-495F-8C49-36F4CC4C6934}
		{CF5D254F-9C2B-4414-8956-19CCFED5C3C8} = {F870C9AB-D710-4074-A984-C69A738A725E}
		{9DC6F7C4-6D5A-4CFA-B932-D109D92ED4BB} = {F870C9AB-D710-4074-A984-C69A738A725E}
		{EF49F754-E441-436D-929C-50A238E6A4E8} = {F870C9AB-D710-4074-A984-C69A738A725E}
		{D4314E6A-33F6-4239-8509-0FCB2A2CD022} = {78F8C506-38AE-460C-B362-174ABE6947E6}
		{41D7D470-632F-4128-B7A2-3D8D2A03C35A} = {D4314E6A-33F6-4239-8509-0FCB2A2CD022}
		{29CC59E4-DFEB-4E8D-A419-CF2BAB836AD0} = {BD4871AB-AD4D-489A-BE86-E5DCE548F280}
		{99991096-790F-4234-81C9-C50F40338004} = {D4314E6A-33F6-4239-8509-0FCB2A2CD022}
	EndGlobalSection
	GlobalSection(ExtensibilityGlobals) = postSolution
		SolutionGuid = {1901C1E9-1D42-41EC-B158-D54D8B4C12D9}
	EndGlobalSection
EndGlobal
